
Microsoft Visual Studio Solution File, Format Version 12.00
# Visual Studio Version 16
VisualStudioVersion = 16.0.29326.143
MinimumVisualStudioVersion = 10.0.40219.1
Project("{FAE04EC0-301F-11D3-BF4B-00C04F79EFBC}") = "Zadanie_15-10-2019", "Zadanie_15-10-2019\Zadanie_15-10-2019.csproj", "{F6BEE317-CB1E-47B0-89F1-1C361C7EA391}"
EndProject
Global
	GlobalSection(SolutionConfigurationPlatforms) = preSolution
		Debug|Any CPU = Debug|Any CPU
		Release|Any CPU = Release|Any CPU
	EndGlobalSection
	GlobalSection(ProjectConfigurationPlatforms) = postSolution
		{F6BEE317-CB1E-47B0-89F1-1C361C7EA391}.Debug|Any CPU.ActiveCfg = Debug|Any CPU
		{F6BEE317-CB1E-47B0-89F1-1C361C7EA391}.Debug|Any CPU.Build.0 = Debug|Any CPU
		{F6BEE317-CB1E-47B0-89F1-1C361C7EA391}.Release|Any CPU.ActiveCfg = Release|Any CPU
		{F6BEE317-CB1E-47B0-89F1-1C361C7EA391}.Release|Any CPU.Build.0 = Release|Any CPU
	EndGlobalSection
	GlobalSection(SolutionProperties) = preSolution
		HideSolutionNode = FALSE
	EndGlobalSection
	GlobalSection(ExtensibilityGlobals) = postSolution
		SolutionGuid = {41923020-6C7E-4C40-AE38-8A853167FE47}
	EndGlobalSection
EndGlobal
